
Microsoft Visual Studio Solution File, Format Version 12.00
# Visual Studio Version 16
VisualStudioVersion = 16.0.32106.194
MinimumVisualStudioVersion = 10.0.40219.1
Project("{FAE04EC0-301F-11D3-BF4B-00C04F79EFBC}") = "labb4", "labb4.csproj", "{A08EFBB7-402C-45F5-BBBF-BC1077104999}"
EndProject
Global
	GlobalSection(SolutionConfigurationPlatforms) = preSolution
		Debug|Any CPU = Debug|Any CPU
		Release|Any CPU = Release|Any CPU
	EndGlobalSection
	GlobalSection(ProjectConfigurationPlatforms) = postSolution
		{A08EFBB7-402C-45F5-BBBF-BC1077104999}.Debug|Any CPU.ActiveCfg = Debug|Any CPU
		{A08EFBB7-402C-45F5-BBBF-BC1077104999}.Debug|Any CPU.Build.0 = Debug|Any CPU
		{A08EFBB7-402C-45F5-BBBF-BC1077104999}.Release|Any CPU.ActiveCfg = Release|Any CPU
		{A08EFBB7-402C-45F5-BBBF-BC1077104999}.Release|Any CPU.Build.0 = Release|Any CPU
	EndGlobalSection
	GlobalSection(SolutionProperties) = preSolution
		HideSolutionNode = FALSE
	EndGlobalSection
	GlobalSection(ExtensibilityGlobals) = postSolution
		SolutionGuid = {6084B70B-D59E-4E67-A6C5-142068C04107}
	EndGlobalSection
EndGlobal
